{
  "name": "SHopify",
  "lockfileVersion": 3,
  "requires": true,
  "packages": {
    "": {
      "dependencies": {
        "swapy": "^0.2.1"
      }
    },
    "node_modules/swapy": {
      "version": "0.2.1",
      "resolved": "https://registry.npmjs.org/swapy/-/swapy-0.2.1.tgz",
      "integrity": "sha512-11pu6YJMXtmJLXPeocyAtfaPZkOeby1mYdZNmhvvek9E8rMwfDbFk4Lwlbd+XaxBCSf3vMZwJo8DsNOKWkXmLA==",
      "license": "MIT"
    }
  }
}
